
Microsoft Visual Studio Solution File, Format Version 12.00
# Visual Studio 15
VisualStudioVersion = 15.0.28010.2003
MinimumVisualStudioVersion = 10.0.40219.1
Project("{FAE04EC0-301F-11D3-BF4B-00C04F79EFBC}") = "Previsul.Components.IntegracaoI4PRO", "Previsul.Components.IntegracaoI4PRO\Previsul.Components.IntegracaoI4PRO.csproj", "{BFFB014E-27BF-45B1-ABF9-DF7F2C641FE7}"
EndProject
Project("{2150E333-8FDC-42A3-9474-1A3956D46DE8}") = "src", "src", "{43C11382-6919-47EA-B4F4-5D8C46B90A56}"
EndProject
Project("{2150E333-8FDC-42A3-9474-1A3956D46DE8}") = "Test", "Test", "{5E8BA4B4-6D82-4FBE-9BA7-F138E4761D13}"
EndProject
Project("{FAE04EC0-301F-11D3-BF4B-00C04F79EFBC}") = "Previsul.Components.IntegracaoI4PROTest", "Previsul.Components.IntegracaoI4PROTest\Previsul.Components.IntegracaoI4PROTest.csproj", "{1B068E91-2FF5-4991-9D1D-0BB0CD9EA613}"
EndProject
Global
	GlobalSection(SolutionConfigurationPlatforms) = preSolution
		Debug|Any CPU = Debug|Any CPU
		Release|Any CPU = Release|Any CPU
	EndGlobalSection
	GlobalSection(ProjectConfigurationPlatforms) = postSolution
		{BFFB014E-27BF-45B1-ABF9-DF7F2C641FE7}.Debug|Any CPU.ActiveCfg = Debug|Any CPU
		{BFFB014E-27BF-45B1-ABF9-DF7F2C641FE7}.Debug|Any CPU.Build.0 = Debug|Any CPU
		{BFFB014E-27BF-45B1-ABF9-DF7F2C641FE7}.Release|Any CPU.ActiveCfg = Release|Any CPU
		{BFFB014E-27BF-45B1-ABF9-DF7F2C641FE7}.Release|Any CPU.Build.0 = Release|Any CPU
		{1B068E91-2FF5-4991-9D1D-0BB0CD9EA613}.Debug|Any CPU.ActiveCfg = Debug|Any CPU
		{1B068E91-2FF5-4991-9D1D-0BB0CD9EA613}.Debug|Any CPU.Build.0 = Debug|Any CPU
		{1B068E91-2FF5-4991-9D1D-0BB0CD9EA613}.Release|Any CPU.ActiveCfg = Release|Any CPU
		{1B068E91-2FF5-4991-9D1D-0BB0CD9EA613}.Release|Any CPU.Build.0 = Release|Any CPU
	EndGlobalSection
	GlobalSection(SolutionProperties) = preSolution
		HideSolutionNode = FALSE
	EndGlobalSection
	GlobalSection(NestedProjects) = preSolution
		{BFFB014E-27BF-45B1-ABF9-DF7F2C641FE7} = {43C11382-6919-47EA-B4F4-5D8C46B90A56}
		{1B068E91-2FF5-4991-9D1D-0BB0CD9EA613} = {5E8BA4B4-6D82-4FBE-9BA7-F138E4761D13}
	EndGlobalSection
	GlobalSection(ExtensibilityGlobals) = postSolution
		SolutionGuid = {CDE25951-0957-478A-8916-AFAB0458C651}
	EndGlobalSection
EndGlobal
